# THIS IS AN AUTOGENERATED FILE. DO NOT EDIT THIS FILE DIRECTLY.
# yarn lockfile v1


"@arction/eventer@^1.0.1":
  version "1.0.1"
  resolved "https://registry.yarnpkg.com/@arction/eventer/-/eventer-1.0.1.tgz#1b11560cf056db03c82d48643f03f28c98379bb4"
  integrity sha512-/443gMPcZwt+BSH5cy2/sJlYis2zT0IUbllboi/e0Ye4uk58SUloxjMecWjp2sJ7IBCGGpduaE8I73mMQmJGvw==

"@arction/lcjs@^3.4.0":
  version "3.4.0"
  resolved "https://registry.yarnpkg.com/@arction/lcjs/-/lcjs-3.4.0.tgz#6afbb401b6a670a36f769b8cb0a9db16fb049663"
  integrity sha512-L1HVSjcF8wr1SVvSMrNnzBe4kPpupOKXcMIjRv/vE6y/WPyBmVrwXTF/H7KwFRPQZ+xPHQvwFgbN/ktueha3TQ==
  dependencies:
    "@arction/eventer" "^1.0.1"
    earcut "^2.2.2"
    immutable "^4.0.0-rc.12"

earcut@^2.2.2:
  version "2.2.4"
  resolved "https://registry.yarnpkg.com/earcut/-/earcut-2.2.4.tgz#6d02fd4d68160c114825d06890a92ecaae60343a"
  integrity sha512-/pjZsA1b4RPHbeWZQn66SWS8nZZWLQQ23oE3Eam7aroEFGEvwKAsJfZ9ytiEMycfzXWpca4FA9QIOehf7PocBQ==

immutable@^4.0.0-rc.12:
  version "4.1.0"
  resolved "https://registry.yarnpkg.com/immutable/-/immutable-4.1.0.tgz#f795787f0db780183307b9eb2091fcac1f6fafef"
  integrity sha512-oNkuqVTA8jqG1Q6c+UglTOD1xhC1BtjKI7XkCXRkZHrN5m18/XsnUp8Q89GkQO/z+0WjonSvl0FLhDYftp46nQ==
